{
  "name": "simple-blackjack",
  "version": "1.0.0",
  "lockfileVersion": 2,
  "requires": true,
  "packages": {
    "": {
      "name": "simple-blackjack",
      "version": "1.0.0",
      "license": "ISC",
      "dependencies": {
        "json-rpc-2.0": "^1.3.0"
      }
    },
    "node_modules/json-rpc-2.0": {
      "version": "1.3.0",
      "resolved": "https://registry.npmjs.org/json-rpc-2.0/-/json-rpc-2.0-1.3.0.tgz",
      "integrity": "sha512-pA85D9LG4B+b8njdb8DzktltNfGPcxGJJydEg6jRqePfwhK008lRdbX7bco6aokfw9oDFw7fEe+LRxxXwP11HA=="
    }
  },
  "dependencies": {
    "json-rpc-2.0": {
      "version": "1.3.0",
      "resolved": "https://registry.npmjs.org/json-rpc-2.0/-/json-rpc-2.0-1.3.0.tgz",
      "integrity": "sha512-pA85D9LG4B+b8njdb8DzktltNfGPcxGJJydEg6jRqePfwhK008lRdbX7bco6aokfw9oDFw7fEe+LRxxXwP11HA=="
    }
  }
}
